
Microsoft Visual Studio Solution File, Format Version 12.00
# Visual Studio Version 16
VisualStudioVersion = 16.0.30804.86
MinimumVisualStudioVersion = 10.0.40219.1
Project("{FAE04EC0-301F-11D3-BF4B-00C04F79EFBC}") = "CauldronSimplePlayer_wpf", "CauldronSimplePlayer_wpf\CauldronSimplePlayer_wpf.csproj", "{EC13BE9B-A5BC-4726-BC36-72AF23F60902}"
EndProject
Project("{FAE04EC0-301F-11D3-BF4B-00C04F79EFBC}") = "Cauldron.Grpc", "Cauldron.Grpc\Cauldron.Grpc.csproj", "{AA7C6E3D-99FB-4EB6-A12F-41FAF498F85A}"
EndProject
Global
	GlobalSection(SolutionConfigurationPlatforms) = preSolution
		Debug|Any CPU = Debug|Any CPU
		Release|Any CPU = Release|Any CPU
	EndGlobalSection
	GlobalSection(ProjectConfigurationPlatforms) = postSolution
		{EC13BE9B-A5BC-4726-BC36-72AF23F60902}.Debug|Any CPU.ActiveCfg = Debug|Any CPU
		{EC13BE9B-A5BC-4726-BC36-72AF23F60902}.Debug|Any CPU.Build.0 = Debug|Any CPU
		{EC13BE9B-A5BC-4726-BC36-72AF23F60902}.Release|Any CPU.ActiveCfg = Release|Any CPU
		{EC13BE9B-A5BC-4726-BC36-72AF23F60902}.Release|Any CPU.Build.0 = Release|Any CPU
		{AA7C6E3D-99FB-4EB6-A12F-41FAF498F85A}.Debug|Any CPU.ActiveCfg = Debug|Any CPU
		{AA7C6E3D-99FB-4EB6-A12F-41FAF498F85A}.Debug|Any CPU.Build.0 = Debug|Any CPU
		{AA7C6E3D-99FB-4EB6-A12F-41FAF498F85A}.Release|Any CPU.ActiveCfg = Release|Any CPU
		{AA7C6E3D-99FB-4EB6-A12F-41FAF498F85A}.Release|Any CPU.Build.0 = Release|Any CPU
	EndGlobalSection
	GlobalSection(SolutionProperties) = preSolution
		HideSolutionNode = FALSE
	EndGlobalSection
	GlobalSection(ExtensibilityGlobals) = postSolution
		SolutionGuid = {8C9AE2CD-EA07-4D20-B3C0-16520D99F916}
	EndGlobalSection
EndGlobal
